
Microsoft Visual Studio Solution File, Format Version 12.00
# Visual Studio Version 17
VisualStudioVersion = 17.0.31903.59
MinimumVisualStudioVersion = 10.0.40219.1
Project("{2150E333-8FDC-42A3-9474-1A3956D46DE8}") = "src", "src", "{827E0CD3-B72D-47B6-A68D-7590B98EB39B}"
EndProject
Project("{FAE04EC0-301F-11D3-BF4B-00C04F79EFBC}") = "ProjetoPizza.Domain", "src\ProjetoPizza.Domain\ProjetoPizza.Domain.csproj", "{235B2C2B-5D12-4433-AAA1-21FFD541B11D}"
EndProject
Project("{FAE04EC0-301F-11D3-BF4B-00C04F79EFBC}") = "ProjetoPizza.Application", "src\ProjetoPizza.Application\ProjetoPizza.Application.csproj", "{65B11893-D014-4D33-BBFE-CA29E7EC4697}"
EndProject
Project("{FAE04EC0-301F-11D3-BF4B-00C04F79EFBC}") = "ProjetoPizza.Infrastructure", "src\ProjetoPizza.Infrastructure\ProjetoPizza.Infrastructure.csproj", "{2600F18D-0024-4480-8EF4-DD228074CB60}"
EndProject
Project("{FAE04EC0-301F-11D3-BF4B-00C04F79EFBC}") = "ProjetoPizza.Api", "src\ProjetoPizza.Api\ProjetoPizza.Api.csproj", "{DC1A97FA-3B28-40C8-9DCA-828C85A5D9DD}"
EndProject
Project("{2150E333-8FDC-42A3-9474-1A3956D46DE8}") = "tests", "tests", "{0AB3BF05-4346-4AA6-1389-037BE0695223}"
EndProject
Project("{FAE04EC0-301F-11D3-BF4B-00C04F79EFBC}") = "ProjetoPizza.Domain.Tests", "tests\ProjetoPizza.Domain.Tests\ProjetoPizza.Domain.Tests.csproj", "{E7E30713-B735-400C-9E36-2F1708C20091}"
EndProject
Project("{FAE04EC0-301F-11D3-BF4B-00C04F79EFBC}") = "ProjetoPizza.Application.Tests", "tests\ProjetoPizza.Application.Tests\ProjetoPizza.Application.Tests.csproj", "{ADCD717A-86D7-4481-A7D7-90E3BD85C402}"
EndProject
Project("{FAE04EC0-301F-11D3-BF4B-00C04F79EFBC}") = "ProjetoPizza.IntegrationTests", "tests\ProjetoPizza.IntegrationTests\ProjetoPizza.IntegrationTests.csproj", "{C4071637-E234-4D9A-A2C6-4C9EFB1900E8}"
EndProject
Global
	GlobalSection(SolutionConfigurationPlatforms) = preSolution
		Debug|Any CPU = Debug|Any CPU
		Debug|x64 = Debug|x64
		Debug|x86 = Debug|x86
		Release|Any CPU = Release|Any CPU
		Release|x64 = Release|x64
		Release|x86 = Release|x86
	EndGlobalSection
	GlobalSection(ProjectConfigurationPlatforms) = postSolution
		{235B2C2B-5D12-4433-AAA1-21FFD541B11D}.Debug|Any CPU.ActiveCfg = Debug|Any CPU
		{235B2C2B-5D12-4433-AAA1-21FFD541B11D}.Debug|Any CPU.Build.0 = Debug|Any CPU
		{235B2C2B-5D12-4433-AAA1-21FFD541B11D}.Debug|x64.ActiveCfg = Debug|Any CPU
		{235B2C2B-5D12-4433-AAA1-21FFD541B11D}.Debug|x64.Build.0 = Debug|Any CPU
		{235B2C2B-5D12-4433-AAA1-21FFD541B11D}.Debug|x86.ActiveCfg = Debug|Any CPU
		{235B2C2B-5D12-4433-AAA1-21FFD541B11D}.Debug|x86.Build.0 = Debug|Any CPU
		{235B2C2B-5D12-4433-AAA1-21FFD541B11D}.Release|Any CPU.ActiveCfg = Release|Any CPU
		{235B2C2B-5D12-4433-AAA1-21FFD541B11D}.Release|Any CPU.Build.0 = Release|Any CPU
		{235B2C2B-5D12-4433-AAA1-21FFD541B11D}.Release|x64.ActiveCfg = Release|Any CPU
		{235B2C2B-5D12-4433-AAA1-21FFD541B11D}.Release|x64.Build.0 = Release|Any CPU
		{235B2C2B-5D12-4433-AAA1-21FFD541B11D}.Release|x86.ActiveCfg = Release|Any CPU
		{235B2C2B-5D12-4433-AAA1-21FFD541B11D}.Release|x86.Build.0 = Release|Any CPU
		{65B11893-D014-4D33-BBFE-CA29E7EC4697}.Debug|Any CPU.ActiveCfg = Debug|Any CPU
		{65B11893-D014-4D33-BBFE-CA29E7EC4697}.Debug|Any CPU.Build.0 = Debug|Any CPU
		{65B11893-D014-4D33-BBFE-CA29E7EC4697}.Debug|x64.ActiveCfg = Debug|Any CPU
		{65B11893-D014-4D33-BBFE-CA29E7EC4697}.Debug|x64.Build.0 = Debug|Any CPU
		{65B11893-D014-4D33-BBFE-CA29E7EC4697}.Debug|x86.ActiveCfg = Debug|Any CPU
		{65B11893-D014-4D33-BBFE-CA29E7EC4697}.Debug|x86.Build.0 = Debug|Any CPU
		{65B11893-D014-4D33-BBFE-CA29E7EC4697}.Release|Any CPU.ActiveCfg = Release|Any CPU
		{65B11893-D014-4D33-BBFE-CA29E7EC4697}.Release|Any CPU.Build.0 = Release|Any CPU
		{65B11893-D014-4D33-BBFE-CA29E7EC4697}.Release|x64.ActiveCfg = Release|Any CPU
		{65B11893-D014-4D33-BBFE-CA29E7EC4697}.Release|x64.Build.0 = Release|Any CPU
		{65B11893-D014-4D33-BBFE-CA29E7EC4697}.Release|x86.ActiveCfg = Release|Any CPU
		{65B11893-D014-4D33-BBFE-CA29E7EC4697}.Release|x86.Build.0 = Release|Any CPU
		{2600F18D-0024-4480-8EF4-DD228074CB60}.Debug|Any CPU.ActiveCfg = Debug|Any CPU
		{2600F18D-0024-4480-8EF4-DD228074CB60}.Debug|Any CPU.Build.0 = Debug|Any CPU
		{2600F18D-0024-4480-8EF4-DD228074CB60}.Debug|x64.ActiveCfg = Debug|Any CPU
		{2600F18D-0024-4480-8EF4-DD228074CB60}.Debug|x64.Build.0 = Debug|Any CPU
		{2600F18D-0024-4480-8EF4-DD228074CB60}.Debug|x86.ActiveCfg = Debug|Any CPU
		{2600F18D-0024-4480-8EF4-DD228074CB60}.Debug|x86.Build.0 = Debug|Any CPU
		{2600F18D-0024-4480-8EF4-DD228074CB60}.Release|Any CPU.ActiveCfg = Release|Any CPU
		{2600F18D-0024-4480-8EF4-DD228074CB60}.Release|Any CPU.Build.0 = Release|Any CPU
		{2600F18D-0024-4480-8EF4-DD228074CB60}.Release|x64.ActiveCfg = Release|Any CPU
		{2600F18D-0024-4480-8EF4-DD228074CB60}.Release|x64.Build.0 = Release|Any CPU
		{2600F18D-0024-4480-8EF4-DD228074CB60}.Release|x86.ActiveCfg = Release|Any CPU
		{2600F18D-0024-4480-8EF4-DD228074CB60}.Release|x86.Build.0 = Release|Any CPU
		{DC1A97FA-3B28-40C8-9DCA-828C85A5D9DD}.Debug|Any CPU.ActiveCfg = Debug|Any CPU
		{DC1A97FA-3B28-40C8-9DCA-828C85A5D9DD}.Debug|Any CPU.Build.0 = Debug|Any CPU
		{DC1A97FA-3B28-40C8-9DCA-828C85A5D9DD}.Debug|x64.ActiveCfg = Debug|Any CPU
		{DC1A97FA-3B28-40C8-9DCA-828C85A5D9DD}.Debug|x64.Build.0 = Debug|Any CPU
		{DC1A97FA-3B28-40C8-9DCA-828C85A5D9DD}.Debug|x86.ActiveCfg = Debug|Any CPU
		{DC1A97FA-3B28-40C8-9DCA-828C85A5D9DD}.Debug|x86.Build.0 = Debug|Any CPU
		{DC1A97FA-3B28-40C8-9DCA-828C85A5D9DD}.Release|Any CPU.ActiveCfg = Release|Any CPU
		{DC1A97FA-3B28-40C8-9DCA-828C85A5D9DD}.Release|Any CPU.Build.0 = Release|Any CPU
		{DC1A97FA-3B28-40C8-9DCA-828C85A5D9DD}.Release|x64.ActiveCfg = Release|Any CPU
		{DC1A97FA-3B28-40C8-9DCA-828C85A5D9DD}.Release|x64.Build.0 = Release|Any CPU
		{DC1A97FA-3B28-40C8-9DCA-828C85A5D9DD}.Release|x86.ActiveCfg = Release|Any CPU
		{DC1A97FA-3B28-40C8-9DCA-828C85A5D9DD}.Release|x86.Build.0 = Release|Any CPU
		{E7E30713-B735-400C-9E36-2F1708C20091}.Debug|Any CPU.ActiveCfg = Debug|Any CPU
		{E7E30713-B735-400C-9E36-2F1708C20091}.Debug|Any CPU.Build.0 = Debug|Any CPU
		{E7E30713-B735-400C-9E36-2F1708C20091}.Debug|x64.ActiveCfg = Debug|Any CPU
		{E7E30713-B735-400C-9E36-2F1708C20091}.Debug|x64.Build.0 = Debug|Any CPU
		{E7E30713-B735-400C-9E36-2F1708C20091}.Debug|x86.ActiveCfg = Debug|Any CPU
		{E7E30713-B735-400C-9E36-2F1708C20091}.Debug|x86.Build.0 = Debug|Any CPU
		{E7E30713-B735-400C-9E36-2F1708C20091}.Release|Any CPU.ActiveCfg = Release|Any CPU
		{E7E30713-B735-400C-9E36-2F1708C20091}.Release|Any CPU.Build.0 = Release|Any CPU
		{E7E30713-B735-400C-9E36-2F1708C20091}.Release|x64.ActiveCfg = Release|Any CPU
		{E7E30713-B735-400C-9E36-2F1708C20091}.Release|x64.Build.0 = Release|Any CPU
		{E7E30713-B735-400C-9E36-2F1708C20091}.Release|x86.ActiveCfg = Release|Any CPU
		{E7E30713-B735-400C-9E36-2F1708C20091}.Release|x86.Build.0 = Release|Any CPU
		{ADCD717A-86D7-4481-A7D7-90E3BD85C402}.Debug|Any CPU.ActiveCfg = Debug|Any CPU
		{ADCD717A-86D7-4481-A7D7-90E3BD85C402}.Debug|Any CPU.Build.0 = Debug|Any CPU
		{ADCD717A-86D7-4481-A7D7-90E3BD85C402}.Debug|x64.ActiveCfg = Debug|Any CPU
		{ADCD717A-86D7-4481-A7D7-90E3BD85C402}.Debug|x64.Build.0 = Debug|Any CPU
		{ADCD717A-86D7-4481-A7D7-90E3BD85C402}.Debug|x86.ActiveCfg = Debug|Any CPU
		{ADCD717A-86D7-4481-A7D7-90E3BD85C402}.Debug|x86.Build.0 = Debug|Any CPU
		{ADCD717A-86D7-4481-A7D7-90E3BD85C402}.Release|Any CPU.ActiveCfg = Release|Any CPU
		{ADCD717A-86D7-4481-A7D7-90E3BD85C402}.Release|Any CPU.Build.0 = Release|Any CPU
		{ADCD717A-86D7-4481-A7D7-90E3BD85C402}.Release|x64.ActiveCfg = Release|Any CPU
		{ADCD717A-86D7-4481-A7D7-90E3BD85C402}.Release|x64.Build.0 = Release|Any CPU
		{ADCD717A-86D7-4481-A7D7-90E3BD85C402}.Release|x86.ActiveCfg = Release|Any CPU
		{ADCD717A-86D7-4481-A7D7-90E3BD85C402}.Release|x86.Build.0 = Release|Any CPU
		{C4071637-E234-4D9A-A2C6-4C9EFB1900E8}.Debug|Any CPU.ActiveCfg = Debug|Any CPU
		{C4071637-E234-4D9A-A2C6-4C9EFB1900E8}.Debug|Any CPU.Build.0 = Debug|Any CPU
		{C4071637-E234-4D9A-A2C6-4C9EFB1900E8}.Debug|x64.ActiveCfg = Debug|Any CPU
		{C4071637-E234-4D9A-A2C6-4C9EFB1900E8}.Debug|x64.Build.0 = Debug|Any CPU
		{C4071637-E234-4D9A-A2C6-4C9EFB1900E8}.Debug|x86.ActiveCfg = Debug|Any CPU
		{C4071637-E234-4D9A-A2C6-4C9EFB1900E8}.Debug|x86.Build.0 = Debug|Any CPU
		{C4071637-E234-4D9A-A2C6-4C9EFB1900E8}.Release|Any CPU.ActiveCfg = Release|Any CPU
		{C4071637-E234-4D9A-A2C6-4C9EFB1900E8}.Release|Any CPU.Build.0 = Release|Any CPU
		{C4071637-E234-4D9A-A2C6-4C9EFB1900E8}.Release|x64.ActiveCfg = Release|Any CPU
		{C4071637-E234-4D9A-A2C6-4C9EFB1900E8}.Release|x64.Build.0 = Release|Any CPU
		{C4071637-E234-4D9A-A2C6-4C9EFB1900E8}.Release|x86.ActiveCfg = Release|Any CPU
		{C4071637-E234-4D9A-A2C6-4C9EFB1900E8}.Release|x86.Build.0 = Release|Any CPU
	EndGlobalSection
	GlobalSection(SolutionProperties) = preSolution
		HideSolutionNode = FALSE
	EndGlobalSection
	GlobalSection(NestedProjects) = preSolution
		{235B2C2B-5D12-4433-AAA1-21FFD541B11D} = {827E0CD3-B72D-47B6-A68D-7590B98EB39B}
		{65B11893-D014-4D33-BBFE-CA29E7EC4697} = {827E0CD3-B72D-47B6-A68D-7590B98EB39B}
		{2600F18D-0024-4480-8EF4-DD228074CB60} = {827E0CD3-B72D-47B6-A68D-7590B98EB39B}
		{DC1A97FA-3B28-40C8-9DCA-828C85A5D9DD} = {827E0CD3-B72D-47B6-A68D-7590B98EB39B}
		{E7E30713-B735-400C-9E36-2F1708C20091} = {0AB3BF05-4346-4AA6-1389-037BE0695223}
		{ADCD717A-86D7-4481-A7D7-90E3BD85C402} = {0AB3BF05-4346-4AA6-1389-037BE0695223}
		{C4071637-E234-4D9A-A2C6-4C9EFB1900E8} = {0AB3BF05-4346-4AA6-1389-037BE0695223}
	EndGlobalSection
EndGlobal
